{
  "pins" : [
    {
      "identity" : "haishinkitfixswfit",
      "kind" : "remoteSourceControl",
      "location" : "https://github.com/TwhomeGH/HaishinKitFixSwfit.git",
      "state" : {
        "branch" : "main",
        "revision" : "66b1e15c10e0c3afa949d334e55008bc39d7efe0"
      }
    }
  ],
  "version" : 2
}