{
  "pins" : [
    {
      "identity" : "haishinkitfixswfit",
      "kind" : "remoteSourceControl",
      "location" : "https://github.com/TwhomeGH/HaishinKitFixSwfit.git",
      "state" : {
        "branch" : "main",
        "revision" : "acd8928d5d172c5073c0ed8edb16447c15091305"
      }
    }
  ],
  "version" : 2
}