{
  "pins" : [
    {
      "identity" : "haishinkitfixswfit",
      "kind" : "remoteSourceControl",
      "location" : "https://github.com/TwhomeGH/HaishinKitFixSwfit.git",
      "state" : {
        "branch" : "main",
        "revision" : "bd216c24ea8084758f076e00b94cb24d8574e617"
        
      }
    }
  ],
  "version" : 2
}