{
  "pins" : [
    {
      "identity" : "haishinkitfixswfit",
      "kind" : "remoteSourceControl",
      "location" : "https://github.com/TwhomeGH/HaishinKitFixSwfit.git",
      "state" : {
        "branch" : "main",
        "revision" : "2474560bb79b01597ecc057a90a6fddf4de25a71"
      }
    }
  ],
  "version" : 3
}
