{
  "pins" : [
    {
      "identity" : "haishinkitfixswfit",
      "kind" : "remoteSourceControl",
      "location" : "https://github.com/TwhomeGH/HaishinKitFixSwfit.git",
      "state" : {
        "branch" : "main",
        "revision" : "6943c14c6813488e9c8034e4449414a275dff870"
      }
    }
  ],
  "version" : 3
}
